
Microsoft Visual Studio Solution File, Format Version 12.00
# Visual Studio Version 17
VisualStudioVersion = 17.6.33829.357
MinimumVisualStudioVersion = 10.0.40219.1
Project("{9A19103F-16F7-4668-BE54-9A1E7A4F7556}") = "TraversalCoreProject", "..\src\WebUI\TraversalCoreProject.csproj", "{623F13B0-04CA-4C11-AB58-2727F0B19415}"
EndProject
Project("{FAE04EC0-301F-11D3-BF4B-00C04F79EFBC}") = "EntityLayer", "..\src\EntityLayer\EntityLayer.csproj", "{171577FD-A1EB-4B92-ACBF-AA0741F1BB86}"
EndProject
Project("{FAE04EC0-301F-11D3-BF4B-00C04F79EFBC}") = "DataAccessLayer", "..\src\DataAccessLayer\DataAccessLayer.csproj", "{6105D445-2FB0-46A9-AE28-D2B63713593F}"
EndProject
Project("{FAE04EC0-301F-11D3-BF4B-00C04F79EFBC}") = "BusinessLayer", "..\src\BusinessLayer\BusinessLayer.csproj", "{B7B1A7E3-E92A-4D83-A516-3A2921A75B5B}"
EndProject
Global
	GlobalSection(SolutionConfigurationPlatforms) = preSolution
		Debug|Any CPU = Debug|Any CPU
		Release|Any CPU = Release|Any CPU
	EndGlobalSection
	GlobalSection(ProjectConfigurationPlatforms) = postSolution
		{623F13B0-04CA-4C11-AB58-2727F0B19415}.Debug|Any CPU.ActiveCfg = Debug|Any CPU
		{623F13B0-04CA-4C11-AB58-2727F0B19415}.Debug|Any CPU.Build.0 = Debug|Any CPU
		{623F13B0-04CA-4C11-AB58-2727F0B19415}.Release|Any CPU.ActiveCfg = Release|Any CPU
		{623F13B0-04CA-4C11-AB58-2727F0B19415}.Release|Any CPU.Build.0 = Release|Any CPU
		{171577FD-A1EB-4B92-ACBF-AA0741F1BB86}.Debug|Any CPU.ActiveCfg = Debug|Any CPU
		{171577FD-A1EB-4B92-ACBF-AA0741F1BB86}.Debug|Any CPU.Build.0 = Debug|Any CPU
		{171577FD-A1EB-4B92-ACBF-AA0741F1BB86}.Release|Any CPU.ActiveCfg = Release|Any CPU
		{171577FD-A1EB-4B92-ACBF-AA0741F1BB86}.Release|Any CPU.Build.0 = Release|Any CPU
		{6105D445-2FB0-46A9-AE28-D2B63713593F}.Debug|Any CPU.ActiveCfg = Debug|Any CPU
		{6105D445-2FB0-46A9-AE28-D2B63713593F}.Debug|Any CPU.Build.0 = Debug|Any CPU
		{6105D445-2FB0-46A9-AE28-D2B63713593F}.Release|Any CPU.ActiveCfg = Release|Any CPU
		{6105D445-2FB0-46A9-AE28-D2B63713593F}.Release|Any CPU.Build.0 = Release|Any CPU
		{B7B1A7E3-E92A-4D83-A516-3A2921A75B5B}.Debug|Any CPU.ActiveCfg = Debug|Any CPU
		{B7B1A7E3-E92A-4D83-A516-3A2921A75B5B}.Debug|Any CPU.Build.0 = Debug|Any CPU
		{B7B1A7E3-E92A-4D83-A516-3A2921A75B5B}.Release|Any CPU.ActiveCfg = Release|Any CPU
		{B7B1A7E3-E92A-4D83-A516-3A2921A75B5B}.Release|Any CPU.Build.0 = Release|Any CPU
	EndGlobalSection
	GlobalSection(SolutionProperties) = preSolution
		HideSolutionNode = FALSE
	EndGlobalSection
	GlobalSection(ExtensibilityGlobals) = postSolution
		SolutionGuid = {4E8294B7-12CA-4E04-AB07-E89887A5BD53}
	EndGlobalSection
EndGlobal
